
Microsoft Visual Studio Solution File, Format Version 10.00
# Visual Studio 2008
Project("{8BC9CEB8-8B4A-11D0-8D11-00A0C91BC942}") = "Test_1103", "Test_1103\Test_1103.vcproj", "{BE8F378A-43BB-42EA-8862-EA6FFD68C6E5}"
EndProject
Global
	GlobalSection(SolutionConfigurationPlatforms) = preSolution
		Debug|Win32 = Debug|Win32
		Release|Win32 = Release|Win32
	EndGlobalSection
	GlobalSection(ProjectConfigurationPlatforms) = postSolution
		{BE8F378A-43BB-42EA-8862-EA6FFD68C6E5}.Debug|Win32.ActiveCfg = Debug|Win32
		{BE8F378A-43BB-42EA-8862-EA6FFD68C6E5}.Debug|Win32.Build.0 = Debug|Win32
		{BE8F378A-43BB-42EA-8862-EA6FFD68C6E5}.Release|Win32.ActiveCfg = Release|Win32
		{BE8F378A-43BB-42EA-8862-EA6FFD68C6E5}.Release|Win32.Build.0 = Release|Win32
	EndGlobalSection
	GlobalSection(SolutionProperties) = preSolution
		HideSolutionNode = FALSE
	EndGlobalSection
EndGlobal
