
Microsoft Visual Studio Solution File, Format Version 10.00
# Visual Studio 2008
Project("{8BC9CEB8-8B4A-11D0-8D11-00A0C91BC942}") = "code", "code\code.vcproj", "{717ADF31-2ECE-4DE8-A54A-F3155DFE8557}"
EndProject
Global
	GlobalSection(SolutionConfigurationPlatforms) = preSolution
		Debug|Win32 = Debug|Win32
		Release|Win32 = Release|Win32
	EndGlobalSection
	GlobalSection(ProjectConfigurationPlatforms) = postSolution
		{717ADF31-2ECE-4DE8-A54A-F3155DFE8557}.Debug|Win32.ActiveCfg = Debug|Win32
		{717ADF31-2ECE-4DE8-A54A-F3155DFE8557}.Debug|Win32.Build.0 = Debug|Win32
		{717ADF31-2ECE-4DE8-A54A-F3155DFE8557}.Release|Win32.ActiveCfg = Release|Win32
		{717ADF31-2ECE-4DE8-A54A-F3155DFE8557}.Release|Win32.Build.0 = Release|Win32
	EndGlobalSection
	GlobalSection(SolutionProperties) = preSolution
		HideSolutionNode = FALSE
	EndGlobalSection
EndGlobal
