
Microsoft Visual Studio Solution File, Format Version 10.00
# Visual Studio 2008
Project("{8BC9CEB8-8B4A-11D0-8D11-00A0C91BC942}") = "堆", "堆\堆.vcproj", "{2C2E2997-1F4A-412A-B870-8D2A5A2BA938}"
EndProject
Global
	GlobalSection(SolutionConfigurationPlatforms) = preSolution
		Debug|Win32 = Debug|Win32
		Release|Win32 = Release|Win32
	EndGlobalSection
	GlobalSection(ProjectConfigurationPlatforms) = postSolution
		{2C2E2997-1F4A-412A-B870-8D2A5A2BA938}.Debug|Win32.ActiveCfg = Debug|Win32
		{2C2E2997-1F4A-412A-B870-8D2A5A2BA938}.Debug|Win32.Build.0 = Debug|Win32
		{2C2E2997-1F4A-412A-B870-8D2A5A2BA938}.Release|Win32.ActiveCfg = Release|Win32
		{2C2E2997-1F4A-412A-B870-8D2A5A2BA938}.Release|Win32.Build.0 = Release|Win32
	EndGlobalSection
	GlobalSection(SolutionProperties) = preSolution
		HideSolutionNode = FALSE
	EndGlobalSection
EndGlobal
