
Microsoft Visual Studio Solution File, Format Version 10.00
# Visual Studio 2008
Project("{8BC9CEB8-8B4A-11D0-8D11-00A0C91BC942}") = "C", "C\C.vcproj", "{D4CBEA16-ECBD-4B6F-92FC-813C69180AAA}"
EndProject
Global
	GlobalSection(SolutionConfigurationPlatforms) = preSolution
		Debug|Win32 = Debug|Win32
		Release|Win32 = Release|Win32
	EndGlobalSection
	GlobalSection(ProjectConfigurationPlatforms) = postSolution
		{D4CBEA16-ECBD-4B6F-92FC-813C69180AAA}.Debug|Win32.ActiveCfg = Debug|Win32
		{D4CBEA16-ECBD-4B6F-92FC-813C69180AAA}.Debug|Win32.Build.0 = Debug|Win32
		{D4CBEA16-ECBD-4B6F-92FC-813C69180AAA}.Release|Win32.ActiveCfg = Release|Win32
		{D4CBEA16-ECBD-4B6F-92FC-813C69180AAA}.Release|Win32.Build.0 = Release|Win32
	EndGlobalSection
	GlobalSection(SolutionProperties) = preSolution
		HideSolutionNode = FALSE
	EndGlobalSection
EndGlobal
