
Microsoft Visual Studio Solution File, Format Version 10.00
# Visual Studio 2008
Project("{FAE04EC0-301F-11D3-BF4B-00C04F79EFBC}") = "旅游管理", "旅游管理\旅游管理.csproj", "{93630C60-9B8E-41CD-873C-9ACD20FF5A6A}"
EndProject
Global
	GlobalSection(SolutionConfigurationPlatforms) = preSolution
		Debug|Any CPU = Debug|Any CPU
		Release|Any CPU = Release|Any CPU
	EndGlobalSection
	GlobalSection(ProjectConfigurationPlatforms) = postSolution
		{93630C60-9B8E-41CD-873C-9ACD20FF5A6A}.Debug|Any CPU.ActiveCfg = Debug|Any CPU
		{93630C60-9B8E-41CD-873C-9ACD20FF5A6A}.Debug|Any CPU.Build.0 = Debug|Any CPU
		{93630C60-9B8E-41CD-873C-9ACD20FF5A6A}.Release|Any CPU.ActiveCfg = Release|Any CPU
		{93630C60-9B8E-41CD-873C-9ACD20FF5A6A}.Release|Any CPU.Build.0 = Release|Any CPU
	EndGlobalSection
	GlobalSection(SolutionProperties) = preSolution
		HideSolutionNode = FALSE
	EndGlobalSection
EndGlobal
